// !$*UTF8*$!
{
	archiveVersion = 1;
	classes = {
	};
	objectVersion = 48;
	objects = {

/* Begin PBXBuildFile section */
		9D5CBA321FC40E6D003E54B5 /* AppDelegate.m in Sources */ = {isa = PBXBuildFile; fileRef = 9D5CBA311FC40E6D003E54B5 /* AppDelegate.m */; };
		9D5CBA351FC40E6D003E54B5 /* ViewController.m in Sources */ = {isa = PBXBuildFile; fileRef = 9D5CBA341FC40E6D003E54B5 /* ViewController.m */; };
		9D5CBA381FC40E6D003E54B5 /* Main.storyboard in Resources */ = {isa = PBXBuildFile; fileRef = 9D5CBA361FC40E6D003E54B5 /* Main.storyboard */; };
		9D5CBA3A1FC40E6D003E54B5 /* Assets.xcassets in Resources */ = {isa = PBXBuildFile; fileRef = 9D5CBA391FC40E6D003E54B5 /* Assets.xcassets */; };
		9D5CBA3D1FC40E6D003E54B5 /* LaunchScreen.storyboard in Resources */ = {isa = PBXBuildFile; fileRef = 9D5CBA3B1FC40E6D003E54B5 /* LaunchScreen.storyboard */; };
		9D5CBA401FC40E6D003E54B5 /* main.m in Sources */ = {isa = PBXBuildFile; fileRef = 9D5CBA3F1FC40E6D003E54B5 /* main.m */; };
		9D5CBA4A1FC40E6D003E54B5 /* VoiceToTextTests.m in Sources */ = {isa = PBXBuildFile; fileRef = 9D5CBA491FC40E6D003E54B5 /* VoiceToTextTests.m */; };
		9D5CBA551FC40E6E003E54B5 /* VoiceToTextUITests.m in Sources */ = {isa = PBXBuildFile; fileRef = 9D5CBA541FC40E6E003E54B5 /* VoiceToTextUITests.m */; };
		9D5CBA641FC41015003E54B5 /* Speech.framework in Frameworks */ = {isa = PBXBuildFile; fileRef = 9D5CBA631FC40FF0003E54B5 /* Speech.framework */; };
/* End PBXBuildFile section */

/* Begin PBXContainerItemProxy section */
		9D5CBA461FC40E6D003E54B5 /* PBXContainerItemProxy */ = {
			isa = PBXContainerItemProxy;
			containerPortal = 9D5CBA251FC40E6C003E54B5 /* Project object */;
			proxyType = 1;
			remoteGlobalIDString = 9D5CBA2C1FC40E6C003E54B5;
			remoteInfo = VoiceToText;
		};
		9D5CBA511FC40E6E003E54B5 /* PBXContainerItemProxy */ = {
			isa = PBXContainerItemProxy;
			containerPortal = 9D5CBA251FC40E6C003E54B5 /* Project object */;
			proxyType = 1;
			remoteGlobalIDString = 9D5CBA2C1FC40E6C003E54B5;
			remoteInfo = VoiceToText;
		};
/* End PBXContainerItemProxy section */

/* Begin PBXFileReference section */
		9D5CBA2D1FC40E6C003E54B5 /* VoiceToText.app */ = {isa = PBXFileReference; explicitFileType = wrapper.application; includeInIndex = 0; path = VoiceToText.app; sourceTree = BUILT_PRODUCTS_DIR; };
		9D5CBA301FC40E6D003E54B5 /* AppDelegate.h */ = {isa = PBXFileReference; lastKnownFileType = sourcecode.c.h; path = AppDelegate.h; sourceTree = "<group>"; };
		9D5CBA311FC40E6D003E54B5 /* AppDelegate.m */ = {isa = PBXFileReference; lastKnownFileType = sourcecode.c.objc; path = AppDelegate.m; sourceTree = "<group>"; };
		9D5CBA331FC40E6D003E54B5 /* ViewController.h */ = {isa = PBXFileReference; lastKnownFileType = sourcecode.c.h; path = ViewController.h; sourceTree = "<group>"; };
		9D5CBA341FC40E6D003E54B5 /* ViewController.m */ = {isa = PBXFileReference; lastKnownFileType = sourcecode.c.objc; path = ViewController.m; sourceTree = "<group>"; };
		9D5CBA371FC40E6D003E54B5 /* Base */ = {isa = PBXFileReference; lastKnownFileType = file.storyboard; name = Base; path = Base.lproj/Main.storyboard; sourceTree = "<group>"; };
		9D5CBA391FC40E6D003E54B5 /* Assets.xcassets */ = {isa = PBXFileReference; lastKnownFileType = folder.assetcatalog; path = Assets.xcassets; sourceTree = "<group>"; };
		9D5CBA3C1FC40E6D003E54B5 /* Base */ = {isa = PBXFileReference; lastKnownFileType = file.storyboard; name = Base; path = Base.lproj/LaunchScreen.storyboard; sourceTree = "<group>"; };
		9D5CBA3E1FC40E6D003E54B5 /* Info.plist */ = {isa = PBXFileReference; lastKnownFileType = text.plist.xml; path = Info.plist; sourceTree = "<group>"; };
		9D5CBA3F1FC40E6D003E54B5 /* main.m */ = {isa = PBXFileReference; lastKnownFileType = sourcecode.c.objc; path = main.m; sourceTree = "<group>"; };
		9D5CBA451FC40E6D003E54B5 /* VoiceToTextTests.xctest */ = {isa = PBXFileReference; explicitFileType = wrapper.cfbundle; includeInIndex = 0; path = VoiceToTextTests.xctest; sourceTree = BUILT_PRODUCTS_DIR; };
		9D5CBA491FC40E6D003E54B5 /* VoiceToTextTests.m */ = {isa = PBXFileReference; lastKnownFileType = sourcecode.c.objc; path = VoiceToTextTests.m; sourceTree = "<group>"; };
		9D5CBA4B1FC40E6E003E54B5 /* Info.plist */ = {isa = PBXFileReference; lastKnownFileType = text.plist.xml; path = Info.plist; sourceTree = "<group>"; };
		9D5CBA501FC40E6E003E54B5 /* VoiceToTextUITests.xctest */ = {isa = PBXFileReference; explicitFileType = wrapper.cfbundle; includeInIndex = 0; path = VoiceToTextUITests.xctest; sourceTree = BUILT_PRODUCTS_DIR; };
		9D5CBA541FC40E6E003E54B5 /* VoiceToTextUITests.m */ = {isa = PBXFileReference; lastKnownFileType = sourcecode.c.objc; path = VoiceToTextUITests.m; sourceTree = "<group>"; };
		9D5CBA561FC40E6E003E54B5 /* Info.plist */ = {isa = PBXFileReference; lastKnownFileType = text.plist.xml; path = Info.plist; sourceTree = "<group>"; };
		9D5CBA631FC40FF0003E54B5 /* Speech.framework */ = {isa = PBXFileReference; lastKnownFileType = wrapper.framework; name = Speech.framework; path = System/Library/Frameworks/Speech.framework; sourceTree = SDKROOT; };
/* End PBXFileReference section */

/* Begin PBXFrameworksBuildPhase section */
		9D5CBA2A1FC40E6C003E54B5 /* Frameworks */ = {
			isa = PBXFrameworksBuildPhase;
			buildActionMask = 2147483647;
			files = (
				9D5CBA641FC41015003E54B5 /* Speech.framework in Frameworks */,
			);
			runOnlyForDeploymentPostprocessing = 0;
		};
		9D5CBA421FC40E6D003E54B5 /* Frameworks */ = {
			isa = PBXFrameworksBuildPhase;
			buildActionMask = 2147483647;
			files = (
			);
			runOnlyForDeploymentPostprocessing = 0;
		};
		9D5CBA4D1FC40E6E003E54B5 /* Frameworks */ = {
			isa = PBXFrameworksBuildPhase;
			buildActionMask = 2147483647;
			files = (
			);
			runOnlyForDeploymentPostprocessing = 0;
		};
/* End PBXFrameworksBuildPhase section */

/* Begin PBXGroup section */
		9D5CBA241FC40E6C003E54B5 = {
			isa = PBXGroup;
			children = (
				9D5CBA2F1FC40E6C003E54B5 /* VoiceToText */,
				9D5CBA481FC40E6D003E54B5 /* VoiceToTextTests */,
				9D5CBA531FC40E6E003E54B5 /* VoiceToTextUITests */,
				9D5CBA2E1FC40E6C003E54B5 /* Products */,
				9D5CBA621FC40FF0003E54B5 /* Frameworks */,
			);
			sourceTree = "<group>";
		};
		9D5CBA2E1FC40E6C003E54B5 /* Products */ = {
			isa = PBXGroup;
			children = (
				9D5CBA2D1FC40E6C003E54B5 /* VoiceToText.app */,
				9D5CBA451FC40E6D003E54B5 /* VoiceToTextTests.xctest */,
				9D5CBA501FC40E6E003E54B5 /* VoiceToTextUITests.xctest */,
			);
			name = Products;
			sourceTree = "<group>";
		};
		9D5CBA2F1FC40E6C003E54B5 /* VoiceToText */ = {
			isa = PBXGroup;
			children = (
				9D5CBA301FC40E6D003E54B5 /* AppDelegate.h */,
				9D5CBA311FC40E6D003E54B5 /* AppDelegate.m */,
				9D5CBA331FC40E6D003E54B5 /* ViewController.h */,
				9D5CBA341FC40E6D003E54B5 /* ViewController.m */,
				9D5CBA361FC40E6D003E54B5 /* Main.storyboard */,
				9D5CBA391FC40E6D003E54B5 /* Assets.xcassets */,
				9D5CBA3B1FC40E6D003E54B5 /* LaunchScreen.storyboard */,
				9D5CBA3E1FC40E6D003E54B5 /* Info.plist */,
				9D5CBA3F1FC40E6D003E54B5 /* main.m */,
			);
			path = VoiceToText;
			sourceTree = "<group>";
		};
		9D5CBA481FC40E6D003E54B5 /* VoiceToTextTests */ = {
			isa = PBXGroup;
			children = (
				9D5CBA491FC40E6D003E54B5 /* VoiceToTextTests.m */,
				9D5CBA4B1FC40E6E003E54B5 /* Info.plist */,
			);
			path = VoiceToTextTests;
			sourceTree = "<group>";
		};
		9D5CBA531FC40E6E003E54B5 /* VoiceToTextUITests */ = {
			isa = PBXGroup;
			children = (
				9D5CBA541FC40E6E003E54B5 /* VoiceToTextUITests.m */,
				9D5CBA561FC40E6E003E54B5 /* Info.plist */,
			);
			path = VoiceToTextUITests;
			sourceTree = "<group>";
		};
		9D5CBA621FC40FF0003E54B5 /* Frameworks */ = {
			isa = PBXGroup;
			children = (
				9D5CBA631FC40FF0003E54B5 /* Speech.framework */,
			);
			name = Frameworks;
			sourceTree = "<group>";
		};
/* End PBXGroup section */

/* Begin PBXNativeTarget section */
		9D5CBA2C1FC40E6C003E54B5 /* VoiceToText */ = {
			isa = PBXNativeTarget;
			buildConfigurationList = 9D5CBA591FC40E6E003E54B5 /* Build configuration list for PBXNativeTarget "VoiceToText" */;
			buildPhases = (
				9D5CBA291FC40E6C003E54B5 /* Sources */,
				9D5CBA2A1FC40E6C003E54B5 /* Frameworks */,
				9D5CBA2B1FC40E6C003E54B5 /* Resources */,
			);
			buildRules = (
			);
			dependencies = (
			);
			name = VoiceToText;
			productName = VoiceToText;
			productReference = 9D5CBA2D1FC40E6C003E54B5 /* VoiceToText.app */;
			productType = "com.apple.product-type.application";
		};
		9D5CBA441FC40E6D003E54B5 /* VoiceToTextTests */ = {
			isa = PBXNativeTarget;
			buildConfigurationList = 9D5CBA5C1FC40E6E003E54B5 /* Build configuration list for PBXNativeTarget "VoiceToTextTests" */;
			buildPhases = (
				9D5CBA411FC40E6D003E54B5 /* Sources */,
				9D5CBA421FC40E6D003E54B5 /* Frameworks */,
				9D5CBA431FC40E6D003E54B5 /* Resources */,
			);
			buildRules = (
			);
			dependencies = (
				9D5CBA471FC40E6D003E54B5 /* PBXTargetDependency */,
			);
			name = VoiceToTextTests;
			productName = VoiceToTextTests;
			productReference = 9D5CBA451FC40E6D003E54B5 /* VoiceToTextTests.xctest */;
			productType = "com.apple.product-type.bundle.unit-test";
		};
		9D5CBA4F1FC40E6E003E54B5 /* VoiceToTextUITests */ = {
			isa = PBXNativeTarget;
			buildConfigurationList = 9D5CBA5F1FC40E6E003E54B5 /* Build configuration list for PBXNativeTarget "VoiceToTextUITests" */;
			buildPhases = (
				9D5CBA4C1FC40E6E003E54B5 /* Sources */,
				9D5CBA4D1FC40E6E003E54B5 /* Frameworks */,
				9D5CBA4E1FC40E6E003E54B5 /* Resources */,
			);
			buildRules = (
			);
			dependencies = (
				9D5CBA521FC40E6E003E54B5 /* PBXTargetDependency */,
			);
			name = VoiceToTextUITests;
			productName = VoiceToTextUITests;
			productReference = 9D5CBA501FC40E6E003E54B5 /* VoiceToTextUITests.xctest */;
			productType = "com.apple.product-type.bundle.ui-testing";
		};
/* End PBXNativeTarget section */

/* Begin PBXProject section */
		9D5CBA251FC40E6C003E54B5 /* Project object */ = {
			isa = PBXProject;
			attributes = {
				LastUpgradeCheck = 0900;
				ORGANIZATIONNAME = wondertek;
				TargetAttributes = {
					9D5CBA2C1FC40E6C003E54B5 = {
						CreatedOnToolsVersion = 9.0.1;
						ProvisioningStyle = Automatic;
					};
					9D5CBA441FC40E6D003E54B5 = {
						CreatedOnToolsVersion = 9.0.1;
						ProvisioningStyle = Automatic;
						TestTargetID = 9D5CBA2C1FC40E6C003E54B5;
					};
					9D5CBA4F1FC40E6E003E54B5 = {
						CreatedOnToolsVersion = 9.0.1;
						ProvisioningStyle = Automatic;
						TestTargetID = 9D5CBA2C1FC40E6C003E54B5;
					};
				};
			};
			buildConfigurationList = 9D5CBA281FC40E6C003E54B5 /* Build configuration list for PBXProject "VoiceToText" */;
			compatibilityVersion = "Xcode 8.0";
			developmentRegion = en;
			hasScannedForEncodings = 0;
			knownRegions = (
				en,
				Base,
			);
			mainGroup = 9D5CBA241FC40E6C003E54B5;
			productRefGroup = 9D5CBA2E1FC40E6C003E54B5 /* Products */;
			projectDirPath = "";
			projectRoot = "";
			targets = (
				9D5CBA2C1FC40E6C003E54B5 /* VoiceToText */,
				9D5CBA441FC40E6D003E54B5 /* VoiceToTextTests */,
				9D5CBA4F1FC40E6E003E54B5 /* VoiceToTextUITests */,
			);
		};
/* End PBXProject section */

/* Begin PBXResourcesBuildPhase section */
		9D5CBA2B1FC40E6C003E54B5 /* Resources */ = {
			isa = PBXResourcesBuildPhase;
			buildActionMask = 2147483647;
			files = (
				9D5CBA3D1FC40E6D003E54B5 /* LaunchScreen.storyboard in Resources */,
				9D5CBA3A1FC40E6D003E54B5 /* Assets.xcassets in Resources */,
				9D5CBA381FC40E6D003E54B5 /* Main.storyboard in Resources */,
			);
			runOnlyForDeploymentPostprocessing = 0;
		};
		9D5CBA431FC40E6D003E54B5 /* Resources */ = {
			isa = PBXResourcesBuildPhase;
			buildActionMask = 2147483647;
			files = (
			);
			runOnlyForDeploymentPostprocessing = 0;
		};
		9D5CBA4E1FC40E6E003E54B5 /* Resources */ = {
			isa = PBXResourcesBuildPhase;
			buildActionMask = 2147483647;
			files = (
			);
			runOnlyForDeploymentPostprocessing = 0;
		};
/* End PBXResourcesBuildPhase section */

/* Begin PBXSourcesBuildPhase section */
		9D5CBA291FC40E6C003E54B5 /* Sources */ = {
			isa = PBXSourcesBuildPhase;
			buildActionMask = 2147483647;
			files = (
				9D5CBA351FC40E6D003E54B5 /* ViewController.m in Sources */,
				9D5CBA401FC40E6D003E54B5 /* main.m in Sources */,
				9D5CBA321FC40E6D003E54B5 /* AppDelegate.m in Sources */,
			);
			runOnlyForDeploymentPostprocessing = 0;
		};
		9D5CBA411FC40E6D003E54B5 /* Sources */ = {
			isa = PBXSourcesBuildPhase;
			buildActionMask = 2147483647;
			files = (
				9D5CBA4A1FC40E6D003E54B5 /* VoiceToTextTests.m in Sources */,
			);
			runOnlyForDeploymentPostprocessing = 0;
		};
		9D5CBA4C1FC40E6E003E54B5 /* Sources */ = {
			isa = PBXSourcesBuildPhase;
			buildActionMask = 2147483647;
			files = (
				9D5CBA551FC40E6E003E54B5 /* VoiceToTextUITests.m in Sources */,
			);
			runOnlyForDeploymentPostprocessing = 0;
		};
/* End PBXSourcesBuildPhase section */

/* Begin PBXTargetDependency section */
		9D5CBA471FC40E6D003E54B5 /* PBXTargetDependency */ = {
			isa = PBXTargetDependency;
			target = 9D5CBA2C1FC40E6C003E54B5 /* VoiceToText */;
			targetProxy = 9D5CBA461FC40E6D003E54B5 /* PBXContainerItemProxy */;
		};
		9D5CBA521FC40E6E003E54B5 /* PBXTargetDependency */ = {
			isa = PBXTargetDependency;
			target = 9D5CBA2C1FC40E6C003E54B5 /* VoiceToText */;
			targetProxy = 9D5CBA511FC40E6E003E54B5 /* PBXContainerItemProxy */;
		};
/* End PBXTargetDependency section */

/* Begin PBXVariantGroup section */
		9D5CBA361FC40E6D003E54B5 /* Main.storyboard */ = {
			isa = PBXVariantGroup;
			children = (
				9D5CBA371FC40E6D003E54B5 /* Base */,
			);
			name = Main.storyboard;
			sourceTree = "<group>";
		};
		9D5CBA3B1FC40E6D003E54B5 /* LaunchScreen.storyboard */ = {
			isa = PBXVariantGroup;
			children = (
				9D5CBA3C1FC40E6D003E54B5 /* Base */,
			);
			name = LaunchScreen.storyboard;
			sourceTree = "<group>";
		};
/* End PBXVariantGroup section */

/* Begin XCBuildConfiguration section */
		9D5CBA571FC40E6E003E54B5 /* Debug */ = {
			isa = XCBuildConfiguration;
			buildSettings = {
				ALWAYS_SEARCH_USER_PATHS = NO;
				CLANG_ANALYZER_NONNULL = YES;
				CLANG_ANALYZER_NUMBER_OBJECT_CONVERSION = YES_AGGRESSIVE;
				CLANG_CXX_LANGUAGE_STANDARD = "gnu++14";
				CLANG_CXX_LIBRARY = "libc++";
				CLANG_ENABLE_MODULES = YES;
				CLANG_ENABLE_OBJC_ARC = YES;
				CLANG_WARN_BLOCK_CAPTURE_AUTORELEASING = YES;
				CLANG_WARN_BOOL_CONVERSION = YES;
				CLANG_WARN_COMMA = YES;
				CLANG_WARN_CONSTANT_CONVERSION = YES;
				CLANG_WARN_DIRECT_OBJC_ISA_USAGE = YES_ERROR;
				CLANG_WARN_DOCUMENTATION_COMMENTS = YES;
				CLANG_WARN_EMPTY_BODY = YES;
				CLANG_WARN_ENUM_CONVERSION = YES;
				CLANG_WARN_INFINITE_RECURSION = YES;
				CLANG_WARN_INT_CONVERSION = YES;
				CLANG_WARN_NON_LITERAL_NULL_CONVERSION = YES;
				CLANG_WARN_OBJC_LITERAL_CONVERSION = YES;
				CLANG_WARN_OBJC_ROOT_CLASS = YES_ERROR;
				CLANG_WARN_RANGE_LOOP_ANALYSIS = YES;
				CLANG_WARN_STRICT_PROTOTYPES = YES;
				CLANG_WARN_SUSPICIOUS_MOVE = YES;
				CLANG_WARN_UNGUARDED_AVAILABILITY = YES_AGGRESSIVE;
				CLANG_WARN_UNREACHABLE_CODE = YES;
				CLANG_WARN__DUPLICATE_METHOD_MATCH = YES;
				CODE_SIGN_IDENTITY = "iPhone Developer";
				COPY_PHASE_STRIP = NO;
				DEBUG_INFORMATION_FORMAT = dwarf;
				ENABLE_STRICT_OBJC_MSGSEND = YES;
				ENABLE_TESTABILITY = YES;
				GCC_C_LANGUAGE_STANDARD = gnu11;
				GCC_DYNAMIC_NO_PIC = NO;
				GCC_NO_COMMON_BLOCKS = YES;
				GCC_OPTIMIZATION_LEVEL = 0;
				GCC_PREPROCESSOR_DEFINITIONS = (
					"DEBUG=1",
					"$(inherited)",
				);
				GCC_WARN_64_TO_32_BIT_CONVERSION = YES;
				GCC_WARN_ABOUT_RETURN_TYPE = YES_ERROR;
				GCC_WARN_UNDECLARED_SELECTOR = YES;
				GCC_WARN_UNINITIALIZED_AUTOS = YES_AGGRESSIVE;
				GCC_WARN_UNUSED_FUNCTION = YES;
				GCC_WARN_UNUSED_VARIABLE = YES;
				IPHONEOS_DEPLOYMENT_TARGET = 11.0;
				MTL_ENABLE_DEBUG_INFO = YES;
				ONLY_ACTIVE_ARCH = YES;
				SDKROOT = iphoneos;
			};
			name = Debug;
		};
		9D5CBA581FC40E6E003E54B5 /* Release */ = {
			isa = XCBuildConfiguration;
			buildSettings = {
				ALWAYS_SEARCH_USER_PATHS = NO;
				CLANG_ANALYZER_NONNULL = YES;
				CLANG_ANALYZER_NUMBER_OBJECT_CONVERSION = YES_AGGRESSIVE;
				CLANG_CXX_LANGUAGE_STANDARD = "gnu++14";
				CLANG_CXX_LIBRARY = "libc++";
				CLANG_ENABLE_MODULES = YES;
				CLANG_ENABLE_OBJC_ARC = YES;
				CLANG_WARN_BLOCK_CAPTURE_AUTORELEASING = YES;
				CLANG_WARN_BOOL_CONVERSION = YES;
				CLANG_WARN_COMMA = YES;
				CLANG_WARN_CONSTANT_CONVERSION = YES;
				CLANG_WARN_DIRECT_OBJC_ISA_USAGE = YES_ERROR;
				CLANG_WARN_DOCUMENTATION_COMMENTS = YES;
				CLANG_WARN_EMPTY_BODY = YES;
				CLANG_WARN_ENUM_CONVERSION = YES;
				CLANG_WARN_INFINITE_RECURSION = YES;
				CLANG_WARN_INT_CONVERSION = YES;
				CLANG_WARN_NON_LITERAL_NULL_CONVERSION = YES;
				CLANG_WARN_OBJC_LITERAL_CONVERSION = YES;
				CLANG_WARN_OBJC_ROOT_CLASS = YES_ERROR;
				CLANG_WARN_RANGE_LOOP_ANALYSIS = YES;
				CLANG_WARN_STRICT_PROTOTYPES = YES;
				CLANG_WARN_SUSPICIOUS_MOVE = YES;
				CLANG_WARN_UNGUARDED_AVAILABILITY = YES_AGGRESSIVE;
				CLANG_WARN_UNREACHABLE_CODE = YES;
				CLANG_WARN__DUPLICATE_METHOD_MATCH = YES;
				CODE_SIGN_IDENTITY = "iPhone Developer";
				COPY_PHASE_STRIP = NO;
				DEBUG_INFORMATION_FORMAT = "dwarf-with-dsym";
				ENABLE_NS_ASSERTIONS = NO;
				ENABLE_STRICT_OBJC_MSGSEND = YES;
				GCC_C_LANGUAGE_STANDARD = gnu11;
				GCC_NO_COMMON_BLOCKS = YES;
				GCC_WARN_64_TO_32_BIT_CONVERSION = YES;
				GCC_WARN_ABOUT_RETURN_TYPE = YES_ERROR;
				GCC_WARN_UNDECLARED_SELECTOR = YES;
				GCC_WARN_UNINITIALIZED_AUTOS = YES_AGGRESSIVE;
				GCC_WARN_UNUSED_FUNCTION = YES;
				GCC_WARN_UNUSED_VARIABLE = YES;
				IPHONEOS_DEPLOYMENT_TARGET = 11.0;
				MTL_ENABLE_DEBUG_INFO = NO;
				SDKROOT = iphoneos;
				VALIDATE_PRODUCT = YES;
			};
			name = Release;
		};
		9D5CBA5A1FC40E6E003E54B5 /* Debug */ = {
			isa = XCBuildConfiguration;
			buildSettings = {
				ASSETCATALOG_COMPILER_APPICON_NAME = AppIcon;
				CODE_SIGN_STYLE = Automatic;
				DEVELOPMENT_TEAM = 4BX2JK6G22;
				INFOPLIST_FILE = VoiceToText/Info.plist;
				IPHONEOS_DEPLOYMENT_TARGET = 9.0;
				LD_RUNPATH_SEARCH_PATHS = "$(inherited) @executable_path/Frameworks";
				PRODUCT_BUNDLE_IDENTIFIER = com.wondertek.VoiceToText;
				PRODUCT_NAME = "$(TARGET_NAME)";
				TARGETED_DEVICE_FAMILY = "1,2";
			};
			name = Debug;
		};
		9D5CBA5B1FC40E6E003E54B5 /* Release */ = {
			isa = XCBuildConfiguration;
			buildSettings = {
				ASSETCATALOG_COMPILER_APPICON_NAME = AppIcon;
				CODE_SIGN_STYLE = Automatic;
				DEVELOPMENT_TEAM = 4BX2JK6G22;
				INFOPLIST_FILE = VoiceToText/Info.plist;
				IPHONEOS_DEPLOYMENT_TARGET = 9.0;
				LD_RUNPATH_SEARCH_PATHS = "$(inherited) @executable_path/Frameworks";
				PRODUCT_BUNDLE_IDENTIFIER = com.wondertek.VoiceToText;
				PRODUCT_NAME = "$(TARGET_NAME)";
				TARGETED_DEVICE_FAMILY = "1,2";
			};
			name = Release;
		};
		9D5CBA5D1FC40E6E003E54B5 /* Debug */ = {
			isa = XCBuildConfiguration;
			buildSettings = {
				BUNDLE_LOADER = "$(TEST_HOST)";
				CODE_SIGN_STYLE = Automatic;
				INFOPLIST_FILE = VoiceToTextTests/Info.plist;
				LD_RUNPATH_SEARCH_PATHS = "$(inherited) @executable_path/Frameworks @loader_path/Frameworks";
				PRODUCT_BUNDLE_IDENTIFIER = com.wondertek.VoiceToTextTests;
				PRODUCT_NAME = "$(TARGET_NAME)";
				TARGETED_DEVICE_FAMILY = "1,2";
				TEST_HOST = "$(BUILT_PRODUCTS_DIR)/VoiceToText.app/VoiceToText";
			};
			name = Debug;
		};
		9D5CBA5E1FC40E6E003E54B5 /* Release */ = {
			isa = XCBuildConfiguration;
			buildSettings = {
				BUNDLE_LOADER = "$(TEST_HOST)";
				CODE_SIGN_STYLE = Automatic;
				INFOPLIST_FILE = VoiceToTextTests/Info.plist;
				LD_RUNPATH_SEARCH_PATHS = "$(inherited) @executable_path/Frameworks @loader_path/Frameworks";
				PRODUCT_BUNDLE_IDENTIFIER = com.wondertek.VoiceToTextTests;
				PRODUCT_NAME = "$(TARGET_NAME)";
				TARGETED_DEVICE_FAMILY = "1,2";
				TEST_HOST = "$(BUILT_PRODUCTS_DIR)/VoiceToText.app/VoiceToText";
			};
			name = Release;
		};
		9D5CBA601FC40E6E003E54B5 /* Debug */ = {
			isa = XCBuildConfiguration;
			buildSettings = {
				CODE_SIGN_STYLE = Automatic;
				INFOPLIST_FILE = VoiceToTextUITests/Info.plist;
				LD_RUNPATH_SEARCH_PATHS = "$(inherited) @executable_path/Frameworks @loader_path/Frameworks";
				PRODUCT_BUNDLE_IDENTIFIER = com.wondertek.VoiceToTextUITests;
				PRODUCT_NAME = "$(TARGET_NAME)";
				TARGETED_DEVICE_FAMILY = "1,2";
				TEST_TARGET_NAME = VoiceToText;
			};
			name = Debug;
		};
		9D5CBA611FC40E6E003E54B5 /* Release */ = {
			isa = XCBuildConfiguration;
			buildSettings = {
				CODE_SIGN_STYLE = Automatic;
				INFOPLIST_FILE = VoiceToTextUITests/Info.plist;
				LD_RUNPATH_SEARCH_PATHS = "$(inherited) @executable_path/Frameworks @loader_path/Frameworks";
				PRODUCT_BUNDLE_IDENTIFIER = com.wondertek.VoiceToTextUITests;
				PRODUCT_NAME = "$(TARGET_NAME)";
				TARGETED_DEVICE_FAMILY = "1,2";
				TEST_TARGET_NAME = VoiceToText;
			};
			name = Release;
		};
/* End XCBuildConfiguration section */

/* Begin XCConfigurationList section */
		9D5CBA281FC40E6C003E54B5 /* Build configuration list for PBXProject "VoiceToText" */ = {
			isa = XCConfigurationList;
			buildConfigurations = (
				9D5CBA571FC40E6E003E54B5 /* Debug */,
				9D5CBA581FC40E6E003E54B5 /* Release */,
			);
			defaultConfigurationIsVisible = 0;
			defaultConfigurationName = Release;
		};
		9D5CBA591FC40E6E003E54B5 /* Build configuration list for PBXNativeTarget "VoiceToText" */ = {
			isa = XCConfigurationList;
			buildConfigurations = (
				9D5CBA5A1FC40E6E003E54B5 /* Debug */,
				9D5CBA5B1FC40E6E003E54B5 /* Release */,
			);
			defaultConfigurationIsVisible = 0;
			defaultConfigurationName = Release;
		};
		9D5CBA5C1FC40E6E003E54B5 /* Build configuration list for PBXNativeTarget "VoiceToTextTests" */ = {
			isa = XCConfigurationList;
			buildConfigurations = (
				9D5CBA5D1FC40E6E003E54B5 /* Debug */,
				9D5CBA5E1FC40E6E003E54B5 /* Release */,
			);
			defaultConfigurationIsVisible = 0;
			defaultConfigurationName = Release;
		};
		9D5CBA5F1FC40E6E003E54B5 /* Build configuration list for PBXNativeTarget "VoiceToTextUITests" */ = {
			isa = XCConfigurationList;
			buildConfigurations = (
				9D5CBA601FC40E6E003E54B5 /* Debug */,
				9D5CBA611FC40E6E003E54B5 /* Release */,
			);
			defaultConfigurationIsVisible = 0;
			defaultConfigurationName = Release;
		};
/* End XCConfigurationList section */
	};
	rootObject = 9D5CBA251FC40E6C003E54B5 /* Project object */;
}
